
Microsoft Visual Studio Solution File, Format Version 12.00
# Visual Studio Version 17
VisualStudioVersion = 17.13.35731.43 d17.13
MinimumVisualStudioVersion = 10.0.40219.1
Project("{FAE04EC0-301F-11D3-BF4B-00C04F79EFBC}") = "MvcWhatsUp", "MvcWhatsUp.csproj", "{BE6DD1F4-D39E-4ACE-8FC4-F7CFF15A24C7}"
EndProject
Global
	GlobalSection(SolutionConfigurationPlatforms) = preSolution
		Debug|Any CPU = Debug|Any CPU
		Release|Any CPU = Release|Any CPU
	EndGlobalSection
	GlobalSection(ProjectConfigurationPlatforms) = postSolution
		{BE6DD1F4-D39E-4ACE-8FC4-F7CFF15A24C7}.Debug|Any CPU.ActiveCfg = Debug|Any CPU
		{BE6DD1F4-D39E-4ACE-8FC4-F7CFF15A24C7}.Debug|Any CPU.Build.0 = Debug|Any CPU
		{BE6DD1F4-D39E-4ACE-8FC4-F7CFF15A24C7}.Release|Any CPU.ActiveCfg = Release|Any CPU
		{BE6DD1F4-D39E-4ACE-8FC4-F7CFF15A24C7}.Release|Any CPU.Build.0 = Release|Any CPU
	EndGlobalSection
	GlobalSection(SolutionProperties) = preSolution
		HideSolutionNode = FALSE
	EndGlobalSection
	GlobalSection(ExtensibilityGlobals) = postSolution
		SolutionGuid = {6E918D72-1870-49DB-8BAF-EAC8F80FC31F}
	EndGlobalSection
EndGlobal
